// !$*UTF8*$!
{
	archiveVersion = 1;
	classes = {
	};
	objectVersion = 50;
	objects = {

/* Begin PBXBuildFile section */
		671B951E23D4222C00AE6FAA /* textTIO.swift in Sources */ = {isa = PBXBuildFile; fileRef = 671B951D23D4222C00AE6FAA /* textTIO.swift */; };
		677D09F423CC9AE200B7CF89 /* AppDelegate.swift in Sources */ = {isa = PBXBuildFile; fileRef = 677D09F323CC9AE200B7CF89 /* AppDelegate.swift */; };
		677D09F623CC9AE200B7CF89 /* SceneDelegate.swift in Sources */ = {isa = PBXBuildFile; fileRef = 677D09F523CC9AE200B7CF89 /* SceneDelegate.swift */; };
		677D09F923CC9AE200B7CF89 /* tio_beta.xcdatamodeld in Sources */ = {isa = PBXBuildFile; fileRef = 677D09F723CC9AE200B7CF89 /* tio_beta.xcdatamodeld */; };
		677D09FB23CC9AE200B7CF89 /* ContentView.swift in Sources */ = {isa = PBXBuildFile; fileRef = 677D09FA23CC9AE200B7CF89 /* ContentView.swift */; };
		677D09FD23CC9AE300B7CF89 /* Assets.xcassets in Resources */ = {isa = PBXBuildFile; fileRef = 677D09FC23CC9AE300B7CF89 /* Assets.xcassets */; };
		677D0A0023CC9AE300B7CF89 /* Preview Assets.xcassets in Resources */ = {isa = PBXBuildFile; fileRef = 677D09FF23CC9AE300B7CF89 /* Preview Assets.xcassets */; };
		677D0A0323CC9AE300B7CF89 /* LaunchScreen.storyboard in Resources */ = {isa = PBXBuildFile; fileRef = 677D0A0123CC9AE300B7CF89 /* LaunchScreen.storyboard */; };
		67CB3D8B23D03B7E003B5D7D /* Quote.swift in Sources */ = {isa = PBXBuildFile; fileRef = 67CB3D8A23D03B7E003B5D7D /* Quote.swift */; };
		67CB3D8E23D066EB003B5D7D /* quotes.json in Resources */ = {isa = PBXBuildFile; fileRef = 67CB3D8D23D066EB003B5D7D /* quotes.json */; };
		67CB3D9023D06795003B5D7D /* Data.swift in Sources */ = {isa = PBXBuildFile; fileRef = 67CB3D8F23D06794003B5D7D /* Data.swift */; };
/* End PBXBuildFile section */

/* Begin PBXFileReference section */
		671B951D23D4222C00AE6FAA /* textTIO.swift */ = {isa = PBXFileReference; lastKnownFileType = sourcecode.swift; path = textTIO.swift; sourceTree = "<group>"; };
		677D09F023CC9AE200B7CF89 /* tio beta.app */ = {isa = PBXFileReference; explicitFileType = wrapper.application; includeInIndex = 0; path = "tio beta.app"; sourceTree = BUILT_PRODUCTS_DIR; };
		677D09F323CC9AE200B7CF89 /* AppDelegate.swift */ = {isa = PBXFileReference; lastKnownFileType = sourcecode.swift; path = AppDelegate.swift; sourceTree = "<group>"; };
		677D09F523CC9AE200B7CF89 /* SceneDelegate.swift */ = {isa = PBXFileReference; lastKnownFileType = sourcecode.swift; path = SceneDelegate.swift; sourceTree = "<group>"; };
		677D09F823CC9AE200B7CF89 /* tio_beta.xcdatamodel */ = {isa = PBXFileReference; lastKnownFileType = wrapper.xcdatamodel; path = tio_beta.xcdatamodel; sourceTree = "<group>"; };
		677D09FA23CC9AE200B7CF89 /* ContentView.swift */ = {isa = PBXFileReference; lastKnownFileType = sourcecode.swift; path = ContentView.swift; sourceTree = "<group>"; };
		677D09FC23CC9AE300B7CF89 /* Assets.xcassets */ = {isa = PBXFileReference; lastKnownFileType = folder.assetcatalog; path = Assets.xcassets; sourceTree = "<group>"; };
		677D09FF23CC9AE300B7CF89 /* Preview Assets.xcassets */ = {isa = PBXFileReference; lastKnownFileType = folder.assetcatalog; path = "Preview Assets.xcassets"; sourceTree = "<group>"; };
		677D0A0223CC9AE300B7CF89 /* Base */ = {isa = PBXFileReference; lastKnownFileType = file.storyboard; name = Base; path = Base.lproj/LaunchScreen.storyboard; sourceTree = "<group>"; };
		677D0A0423CC9AE300B7CF89 /* Info.plist */ = {isa = PBXFileReference; lastKnownFileType = text.plist.xml; path = Info.plist; sourceTree = "<group>"; };
		67CB3D8A23D03B7E003B5D7D /* Quote.swift */ = {isa = PBXFileReference; lastKnownFileType = sourcecode.swift; path = Quote.swift; sourceTree = "<group>"; };
		67CB3D8D23D066EB003B5D7D /* quotes.json */ = {isa = PBXFileReference; fileEncoding = 4; lastKnownFileType = text.json; path = quotes.json; sourceTree = "<group>"; };
		67CB3D8F23D06794003B5D7D /* Data.swift */ = {isa = PBXFileReference; fileEncoding = 4; lastKnownFileType = sourcecode.swift; path = Data.swift; sourceTree = "<group>"; };
/* End PBXFileReference section */

/* Begin PBXFrameworksBuildPhase section */
		677D09ED23CC9AE200B7CF89 /* Frameworks */ = {
			isa = PBXFrameworksBuildPhase;
			buildActionMask = 2147483647;
			files = (
			);
			runOnlyForDeploymentPostprocessing = 0;
		};
/* End PBXFrameworksBuildPhase section */

/* Begin PBXGroup section */
		677D09E723CC9AE200B7CF89 = {
			isa = PBXGroup;
			children = (
				677D09F223CC9AE200B7CF89 /* tio beta */,
				677D09F123CC9AE200B7CF89 /* Products */,
			);
			sourceTree = "<group>";
		};
		677D09F123CC9AE200B7CF89 /* Products */ = {
			isa = PBXGroup;
			children = (
				677D09F023CC9AE200B7CF89 /* tio beta.app */,
			);
			name = Products;
			sourceTree = "<group>";
		};
		677D09F223CC9AE200B7CF89 /* tio beta */ = {
			isa = PBXGroup;
			children = (
				677D09F323CC9AE200B7CF89 /* AppDelegate.swift */,
				677D09F523CC9AE200B7CF89 /* SceneDelegate.swift */,
				67CB3D8A23D03B7E003B5D7D /* Quote.swift */,
				677D09FA23CC9AE200B7CF89 /* ContentView.swift */,
				671B951D23D4222C00AE6FAA /* textTIO.swift */,
				67CB3D9123D068F7003B5D7D /* Data Models */,
				677D09FC23CC9AE300B7CF89 /* Assets.xcassets */,
				677D0A0123CC9AE300B7CF89 /* LaunchScreen.storyboard */,
				677D0A0423CC9AE300B7CF89 /* Info.plist */,
				677D09F723CC9AE200B7CF89 /* tio_beta.xcdatamodeld */,
				677D09FE23CC9AE300B7CF89 /* Preview Content */,
			);
			path = "tio beta";
			sourceTree = "<group>";
		};
		677D09FE23CC9AE300B7CF89 /* Preview Content */ = {
			isa = PBXGroup;
			children = (
				677D09FF23CC9AE300B7CF89 /* Preview Assets.xcassets */,
			);
			path = "Preview Content";
			sourceTree = "<group>";
		};
		67CB3D9123D068F7003B5D7D /* Data Models */ = {
			isa = PBXGroup;
			children = (
				67CB3D8F23D06794003B5D7D /* Data.swift */,
				67CB3D8D23D066EB003B5D7D /* quotes.json */,
			);
			path = "Data Models";
			sourceTree = "<group>";
		};
/* End PBXGroup section */

/* Begin PBXNativeTarget section */
		677D09EF23CC9AE200B7CF89 /* tio beta */ = {
			isa = PBXNativeTarget;
			buildConfigurationList = 677D0A0723CC9AE300B7CF89 /* Build configuration list for PBXNativeTarget "tio beta" */;
			buildPhases = (
				677D09EC23CC9AE200B7CF89 /* Sources */,
				677D09ED23CC9AE200B7CF89 /* Frameworks */,
				677D09EE23CC9AE200B7CF89 /* Resources */,
			);
			buildRules = (
			);
			dependencies = (
			);
			name = "tio beta";
			productName = "tio beta";
			productReference = 677D09F023CC9AE200B7CF89 /* tio beta.app */;
			productType = "com.apple.product-type.application";
		};
/* End PBXNativeTarget section */

/* Begin PBXProject section */
		677D09E823CC9AE200B7CF89 /* Project object */ = {
			isa = PBXProject;
			attributes = {
				LastSwiftUpdateCheck = 1110;
				LastUpgradeCheck = 1110;
				ORGANIZATIONNAME = Navemics;
				TargetAttributes = {
					677D09EF23CC9AE200B7CF89 = {
						CreatedOnToolsVersion = 11.1;
					};
				};
			};
			buildConfigurationList = 677D09EB23CC9AE200B7CF89 /* Build configuration list for PBXProject "tio beta" */;
			compatibilityVersion = "Xcode 9.3";
			developmentRegion = en;
			hasScannedForEncodings = 0;
			knownRegions = (
				en,
				Base,
			);
			mainGroup = 677D09E723CC9AE200B7CF89;
			productRefGroup = 677D09F123CC9AE200B7CF89 /* Products */;
			projectDirPath = "";
			projectRoot = "";
			targets = (
				677D09EF23CC9AE200B7CF89 /* tio beta */,
			);
		};
/* End PBXProject section */

/* Begin PBXResourcesBuildPhase section */
		677D09EE23CC9AE200B7CF89 /* Resources */ = {
			isa = PBXResourcesBuildPhase;
			buildActionMask = 2147483647;
			files = (
				67CB3D8E23D066EB003B5D7D /* quotes.json in Resources */,
				677D0A0323CC9AE300B7CF89 /* LaunchScreen.storyboard in Resources */,
				677D0A0023CC9AE300B7CF89 /* Preview Assets.xcassets in Resources */,
				677D09FD23CC9AE300B7CF89 /* Assets.xcassets in Resources */,
			);
			runOnlyForDeploymentPostprocessing = 0;
		};
/* End PBXResourcesBuildPhase section */

/* Begin PBXSourcesBuildPhase section */
		677D09EC23CC9AE200B7CF89 /* Sources */ = {
			isa = PBXSourcesBuildPhase;
			buildActionMask = 2147483647;
			files = (
				677D09F423CC9AE200B7CF89 /* AppDelegate.swift in Sources */,
				671B951E23D4222C00AE6FAA /* textTIO.swift in Sources */,
				67CB3D9023D06795003B5D7D /* Data.swift in Sources */,
				677D09F623CC9AE200B7CF89 /* SceneDelegate.swift in Sources */,
				677D09FB23CC9AE200B7CF89 /* ContentView.swift in Sources */,
				67CB3D8B23D03B7E003B5D7D /* Quote.swift in Sources */,
				677D09F923CC9AE200B7CF89 /* tio_beta.xcdatamodeld in Sources */,
			);
			runOnlyForDeploymentPostprocessing = 0;
		};
/* End PBXSourcesBuildPhase section */

/* Begin PBXVariantGroup section */
		677D0A0123CC9AE300B7CF89 /* LaunchScreen.storyboard */ = {
			isa = PBXVariantGroup;
			children = (
				677D0A0223CC9AE300B7CF89 /* Base */,
			);
			name = LaunchScreen.storyboard;
			sourceTree = "<group>";
		};
/* End PBXVariantGroup section */

/* Begin XCBuildConfiguration section */
		677D0A0523CC9AE300B7CF89 /* Debug */ = {
			isa = XCBuildConfiguration;
			buildSettings = {
				ALWAYS_SEARCH_USER_PATHS = NO;
				CLANG_ANALYZER_NONNULL = YES;
				CLANG_ANALYZER_NUMBER_OBJECT_CONVERSION = YES_AGGRESSIVE;
				CLANG_CXX_LANGUAGE_STANDARD = "gnu++14";
				CLANG_CXX_LIBRARY = "libc++";
				CLANG_ENABLE_MODULES = YES;
				CLANG_ENABLE_OBJC_ARC = YES;
				CLANG_ENABLE_OBJC_WEAK = YES;
				CLANG_WARN_BLOCK_CAPTURE_AUTORELEASING = YES;
				CLANG_WARN_BOOL_CONVERSION = YES;
				CLANG_WARN_COMMA = YES;
				CLANG_WARN_CONSTANT_CONVERSION = YES;
				CLANG_WARN_DEPRECATED_OBJC_IMPLEMENTATIONS = YES;
				CLANG_WARN_DIRECT_OBJC_ISA_USAGE = YES_ERROR;
				CLANG_WARN_DOCUMENTATION_COMMENTS = YES;
				CLANG_WARN_EMPTY_BODY = YES;
				CLANG_WARN_ENUM_CONVERSION = YES;
				CLANG_WARN_INFINITE_RECURSION = YES;
				CLANG_WARN_INT_CONVERSION = YES;
				CLANG_WARN_NON_LITERAL_NULL_CONVERSION = YES;
				CLANG_WARN_OBJC_IMPLICIT_RETAIN_SELF = YES;
				CLANG_WARN_OBJC_LITERAL_CONVERSION = YES;
				CLANG_WARN_OBJC_ROOT_CLASS = YES_ERROR;
				CLANG_WARN_RANGE_LOOP_ANALYSIS = YES;
				CLANG_WARN_STRICT_PROTOTYPES = YES;
				CLANG_WARN_SUSPICIOUS_MOVE = YES;
				CLANG_WARN_UNGUARDED_AVAILABILITY = YES_AGGRESSIVE;
				CLANG_WARN_UNREACHABLE_CODE = YES;
				CLANG_WARN__DUPLICATE_METHOD_MATCH = YES;
				COPY_PHASE_STRIP = NO;
				DEBUG_INFORMATION_FORMAT = dwarf;
				ENABLE_STRICT_OBJC_MSGSEND = YES;
				ENABLE_TESTABILITY = YES;
				GCC_C_LANGUAGE_STANDARD = gnu11;
				GCC_DYNAMIC_NO_PIC = NO;
				GCC_NO_COMMON_BLOCKS = YES;
				GCC_OPTIMIZATION_LEVEL = 0;
				GCC_PREPROCESSOR_DEFINITIONS = (
					"DEBUG=1",
					"$(inherited)",
				);
				GCC_WARN_64_TO_32_BIT_CONVERSION = YES;
				GCC_WARN_ABOUT_RETURN_TYPE = YES_ERROR;
				GCC_WARN_UNDECLARED_SELECTOR = YES;
				GCC_WARN_UNINITIALIZED_AUTOS = YES_AGGRESSIVE;
				GCC_WARN_UNUSED_FUNCTION = YES;
				GCC_WARN_UNUSED_VARIABLE = YES;
				IPHONEOS_DEPLOYMENT_TARGET = 13.1;
				MTL_ENABLE_DEBUG_INFO = INCLUDE_SOURCE;
				MTL_FAST_MATH = YES;
				ONLY_ACTIVE_ARCH = YES;
				SDKROOT = iphoneos;
				SWIFT_ACTIVE_COMPILATION_CONDITIONS = DEBUG;
				SWIFT_OPTIMIZATION_LEVEL = "-Onone";
			};
			name = Debug;
		};
		677D0A0623CC9AE300B7CF89 /* Release */ = {
			isa = XCBuildConfiguration;
			buildSettings = {
				ALWAYS_SEARCH_USER_PATHS = NO;
				CLANG_ANALYZER_NONNULL = YES;
				CLANG_ANALYZER_NUMBER_OBJECT_CONVERSION = YES_AGGRESSIVE;
				CLANG_CXX_LANGUAGE_STANDARD = "gnu++14";
				CLANG_CXX_LIBRARY = "libc++";
				CLANG_ENABLE_MODULES = YES;
				CLANG_ENABLE_OBJC_ARC = YES;
				CLANG_ENABLE_OBJC_WEAK = YES;
				CLANG_WARN_BLOCK_CAPTURE_AUTORELEASING = YES;
				CLANG_WARN_BOOL_CONVERSION = YES;
				CLANG_WARN_COMMA = YES;
				CLANG_WARN_CONSTANT_CONVERSION = YES;
				CLANG_WARN_DEPRECATED_OBJC_IMPLEMENTATIONS = YES;
				CLANG_WARN_DIRECT_OBJC_ISA_USAGE = YES_ERROR;
				CLANG_WARN_DOCUMENTATION_COMMENTS = YES;
				CLANG_WARN_EMPTY_BODY = YES;
				CLANG_WARN_ENUM_CONVERSION = YES;
				CLANG_WARN_INFINITE_RECURSION = YES;
				CLANG_WARN_INT_CONVERSION = YES;
				CLANG_WARN_NON_LITERAL_NULL_CONVERSION = YES;
				CLANG_WARN_OBJC_IMPLICIT_RETAIN_SELF = YES;
				CLANG_WARN_OBJC_LITERAL_CONVERSION = YES;
				CLANG_WARN_OBJC_ROOT_CLASS = YES_ERROR;
				CLANG_WARN_RANGE_LOOP_ANALYSIS = YES;
				CLANG_WARN_STRICT_PROTOTYPES = YES;
				CLANG_WARN_SUSPICIOUS_MOVE = YES;
				CLANG_WARN_UNGUARDED_AVAILABILITY = YES_AGGRESSIVE;
				CLANG_WARN_UNREACHABLE_CODE = YES;
				CLANG_WARN__DUPLICATE_METHOD_MATCH = YES;
				COPY_PHASE_STRIP = NO;
				DEBUG_INFORMATION_FORMAT = "dwarf-with-dsym";
				ENABLE_NS_ASSERTIONS = NO;
				ENABLE_STRICT_OBJC_MSGSEND = YES;
				GCC_C_LANGUAGE_STANDARD = gnu11;
				GCC_NO_COMMON_BLOCKS = YES;
				GCC_WARN_64_TO_32_BIT_CONVERSION = YES;
				GCC_WARN_ABOUT_RETURN_TYPE = YES_ERROR;
				GCC_WARN_UNDECLARED_SELECTOR = YES;
				GCC_WARN_UNINITIALIZED_AUTOS = YES_AGGRESSIVE;
				GCC_WARN_UNUSED_FUNCTION = YES;
				GCC_WARN_UNUSED_VARIABLE = YES;
				IPHONEOS_DEPLOYMENT_TARGET = 13.1;
				MTL_ENABLE_DEBUG_INFO = NO;
				MTL_FAST_MATH = YES;
				SDKROOT = iphoneos;
				SWIFT_COMPILATION_MODE = wholemodule;
				SWIFT_OPTIMIZATION_LEVEL = "-O";
				VALIDATE_PRODUCT = YES;
			};
			name = Release;
		};
		677D0A0823CC9AE300B7CF89 /* Debug */ = {
			isa = XCBuildConfiguration;
			buildSettings = {
				ASSETCATALOG_COMPILER_APPICON_NAME = AppIcon;
				CODE_SIGN_STYLE = Automatic;
				DEVELOPMENT_ASSET_PATHS = "\"tio beta/Preview Content\"";
				DEVELOPMENT_TEAM = F59A6ZU5Y6;
				ENABLE_PREVIEWS = YES;
				INFOPLIST_FILE = "tio beta/Info.plist";
				LD_RUNPATH_SEARCH_PATHS = (
					"$(inherited)",
					"@executable_path/Frameworks",
				);
				PRODUCT_BUNDLE_IDENTIFIER = "Navemics.tio-beta";
				PRODUCT_NAME = "$(TARGET_NAME)";
				SWIFT_VERSION = 5.0;
				TARGETED_DEVICE_FAMILY = "1,2";
			};
			name = Debug;
		};
		677D0A0923CC9AE300B7CF89 /* Release */ = {
			isa = XCBuildConfiguration;
			buildSettings = {
				ASSETCATALOG_COMPILER_APPICON_NAME = AppIcon;
				CODE_SIGN_STYLE = Automatic;
				DEVELOPMENT_ASSET_PATHS = "\"tio beta/Preview Content\"";
				DEVELOPMENT_TEAM = F59A6ZU5Y6;
				ENABLE_PREVIEWS = YES;
				INFOPLIST_FILE = "tio beta/Info.plist";
				LD_RUNPATH_SEARCH_PATHS = (
					"$(inherited)",
					"@executable_path/Frameworks",
				);
				PRODUCT_BUNDLE_IDENTIFIER = "Navemics.tio-beta";
				PRODUCT_NAME = "$(TARGET_NAME)";
				SWIFT_VERSION = 5.0;
				TARGETED_DEVICE_FAMILY = "1,2";
			};
			name = Release;
		};
/* End XCBuildConfiguration section */

/* Begin XCConfigurationList section */
		677D09EB23CC9AE200B7CF89 /* Build configuration list for PBXProject "tio beta" */ = {
			isa = XCConfigurationList;
			buildConfigurations = (
				677D0A0523CC9AE300B7CF89 /* Debug */,
				677D0A0623CC9AE300B7CF89 /* Release */,
			);
			defaultConfigurationIsVisible = 0;
			defaultConfigurationName = Release;
		};
		677D0A0723CC9AE300B7CF89 /* Build configuration list for PBXNativeTarget "tio beta" */ = {
			isa = XCConfigurationList;
			buildConfigurations = (
				677D0A0823CC9AE300B7CF89 /* Debug */,
				677D0A0923CC9AE300B7CF89 /* Release */,
			);
			defaultConfigurationIsVisible = 0;
			defaultConfigurationName = Release;
		};
/* End XCConfigurationList section */

/* Begin XCVersionGroup section */
		677D09F723CC9AE200B7CF89 /* tio_beta.xcdatamodeld */ = {
			isa = XCVersionGroup;
			children = (
				677D09F823CC9AE200B7CF89 /* tio_beta.xcdatamodel */,
			);
			currentVersion = 677D09F823CC9AE200B7CF89 /* tio_beta.xcdatamodel */;
			path = tio_beta.xcdatamodeld;
			sourceTree = "<group>";
			versionGroupType = wrapper.xcdatamodel;
		};
/* End XCVersionGroup section */
	};
	rootObject = 677D09E823CC9AE200B7CF89 /* Project object */;
}
